
Microsoft Visual Studio Solution File, Format Version 11.00
# Visual Studio 2010
Project("{FAE04EC0-301F-11D3-BF4B-00C04F79EFBC}") = "FigaroLib", "FigaroLib.csproj", "{0EA9B595-9C8D-4835-A7BE-8B7A4F828A62}"
EndProject
Global
	GlobalSection(SolutionConfigurationPlatforms) = preSolution
		Debug|Any CPU = Debug|Any CPU
		Release|Any CPU = Release|Any CPU
	EndGlobalSection
	GlobalSection(ProjectConfigurationPlatforms) = postSolution
		{0EA9B595-9C8D-4835-A7BE-8B7A4F828A62}.Debug|Any CPU.ActiveCfg = Debug|Any CPU
		{0EA9B595-9C8D-4835-A7BE-8B7A4F828A62}.Debug|Any CPU.Build.0 = Debug|Any CPU
		{0EA9B595-9C8D-4835-A7BE-8B7A4F828A62}.Release|Any CPU.ActiveCfg = Release|Any CPU
		{0EA9B595-9C8D-4835-A7BE-8B7A4F828A62}.Release|Any CPU.Build.0 = Release|Any CPU
	EndGlobalSection
	GlobalSection(MonoDevelopProperties) = preSolution
		StartupItem = FigaroLib.csproj
	EndGlobalSection
EndGlobal
